
Microsoft Visual Studio Solution File, Format Version 12.00
# Visual Studio Version 16
VisualStudioVersion = 16.0.30204.135
MinimumVisualStudioVersion = 10.0.40219.1
Project("{FAE04EC0-301F-11D3-BF4B-00C04F79EFBC}") = "App", "App\App.csproj", "{6CB2F7F2-E52E-4FEC-AA76-3DE204C28721}"
EndProject
Project("{FAE04EC0-301F-11D3-BF4B-00C04F79EFBC}") = "Tests", "Tests\Tests.csproj", "{E142795A-FA6F-4AE3-B9D6-55CB9C3D4439}"
EndProject
Global
	GlobalSection(SolutionConfigurationPlatforms) = preSolution
		Debug|Any CPU = Debug|Any CPU
		Release|Any CPU = Release|Any CPU
	EndGlobalSection
	GlobalSection(ProjectConfigurationPlatforms) = postSolution
		{6CB2F7F2-E52E-4FEC-AA76-3DE204C28721}.Debug|Any CPU.ActiveCfg = Debug|Any CPU
		{6CB2F7F2-E52E-4FEC-AA76-3DE204C28721}.Debug|Any CPU.Build.0 = Debug|Any CPU
		{6CB2F7F2-E52E-4FEC-AA76-3DE204C28721}.Release|Any CPU.ActiveCfg = Release|Any CPU
		{6CB2F7F2-E52E-4FEC-AA76-3DE204C28721}.Release|Any CPU.Build.0 = Release|Any CPU
		{E142795A-FA6F-4AE3-B9D6-55CB9C3D4439}.Debug|Any CPU.ActiveCfg = Debug|Any CPU
		{E142795A-FA6F-4AE3-B9D6-55CB9C3D4439}.Debug|Any CPU.Build.0 = Debug|Any CPU
		{E142795A-FA6F-4AE3-B9D6-55CB9C3D4439}.Release|Any CPU.ActiveCfg = Release|Any CPU
		{E142795A-FA6F-4AE3-B9D6-55CB9C3D4439}.Release|Any CPU.Build.0 = Release|Any CPU
	EndGlobalSection
	GlobalSection(SolutionProperties) = preSolution
		HideSolutionNode = FALSE
	EndGlobalSection
	GlobalSection(ExtensibilityGlobals) = postSolution
		SolutionGuid = {1EDF0160-E1F0-4D07-A399-47DDA8C595CC}
	EndGlobalSection
EndGlobal
